
Microsoft Visual Studio Solution File, Format Version 12.00
# Visual Studio 15
VisualStudioVersion = 15.0.28307.168
MinimumVisualStudioVersion = 10.0.40219.1
Project("{8BC9CEB8-8B4A-11D0-8D11-00A0C91BC942}") = "MonoCalibration", "MonoCalibration\MonoCalibration.vcxproj", "{61BEC31C-D800-474E-B798-AE8AC12CEF0E}"
EndProject
Global
	GlobalSection(SolutionConfigurationPlatforms) = preSolution
		Debug|x64 = Debug|x64
		Debug|x86 = Debug|x86
		Release|x64 = Release|x64
		Release|x86 = Release|x86
	EndGlobalSection
	GlobalSection(ProjectConfigurationPlatforms) = postSolution
		{61BEC31C-D800-474E-B798-AE8AC12CEF0E}.Debug|x64.ActiveCfg = Debug|x64
		{61BEC31C-D800-474E-B798-AE8AC12CEF0E}.Debug|x64.Build.0 = Debug|x64
		{61BEC31C-D800-474E-B798-AE8AC12CEF0E}.Debug|x86.ActiveCfg = Debug|Win32
		{61BEC31C-D800-474E-B798-AE8AC12CEF0E}.Debug|x86.Build.0 = Debug|Win32
		{61BEC31C-D800-474E-B798-AE8AC12CEF0E}.Release|x64.ActiveCfg = Release|x64
		{61BEC31C-D800-474E-B798-AE8AC12CEF0E}.Release|x64.Build.0 = Release|x64
		{61BEC31C-D800-474E-B798-AE8AC12CEF0E}.Release|x86.ActiveCfg = Release|Win32
		{61BEC31C-D800-474E-B798-AE8AC12CEF0E}.Release|x86.Build.0 = Release|Win32
	EndGlobalSection
	GlobalSection(SolutionProperties) = preSolution
		HideSolutionNode = FALSE
	EndGlobalSection
	GlobalSection(ExtensibilityGlobals) = postSolution
		SolutionGuid = {DFF78DFA-A798-4D53-B758-4C92CB132BA1}
	EndGlobalSection
EndGlobal
